
Microsoft Visual Studio Solution File, Format Version 12.00
# Visual Studio Version 17
VisualStudioVersion = 17.4.33213.308
MinimumVisualStudioVersion = 10.0.40219.1
Project("{8BC9CEB8-8B4A-11D0-8D11-00A0C91BC942}") = "$1n", "$1n.vcxproj", "{1ABF7394-299F-4924-A0A4-A163EC50250A}"
EndProject
Global
	GlobalSection(SolutionConfigurationPlatforms) = preSolution
		Debug|x64 = Debug|x64
		Debug|x86 = Debug|x86
		Release|x64 = Release|x64
		Release|x86 = Release|x86
	EndGlobalSection
	GlobalSection(ProjectConfigurationPlatforms) = postSolution
		{1ABF7394-299F-4924-A0A4-A163EC50250A}.Debug|x64.ActiveCfg = Debug|x64
		{1ABF7394-299F-4924-A0A4-A163EC50250A}.Debug|x64.Build.0 = Debug|x64
		{1ABF7394-299F-4924-A0A4-A163EC50250A}.Debug|x86.ActiveCfg = Debug|Win32
		{1ABF7394-299F-4924-A0A4-A163EC50250A}.Debug|x86.Build.0 = Debug|Win32
		{1ABF7394-299F-4924-A0A4-A163EC50250A}.Release|x64.ActiveCfg = Release|x64
		{1ABF7394-299F-4924-A0A4-A163EC50250A}.Release|x64.Build.0 = Release|x64
		{1ABF7394-299F-4924-A0A4-A163EC50250A}.Release|x86.ActiveCfg = Release|Win32
		{1ABF7394-299F-4924-A0A4-A163EC50250A}.Release|x86.Build.0 = Release|Win32
	EndGlobalSection
	GlobalSection(SolutionProperties) = preSolution
		HideSolutionNode = FALSE
	EndGlobalSection
	GlobalSection(ExtensibilityGlobals) = postSolution
		SolutionGuid = {399B1464-DD9E-4A54-92F1-E04F86B90F3D}
	EndGlobalSection
EndGlobal
